
Microsoft Visual Studio Solution File, Format Version 12.00
# Visual Studio Version 17
VisualStudioVersion = 17.13.35931.197
MinimumVisualStudioVersion = 10.0.40219.1
Project("{FAE04EC0-301F-11D3-BF4B-00C04F79EFBC}") = "NoteSystem.API", "NoteSystem.API\NoteSystem.API.csproj", "{7CF712BC-8381-4438-A2F4-FD53095792EB}"
EndProject
Project("{FAE04EC0-301F-11D3-BF4B-00C04F79EFBC}") = "NoteSystem.BusinessLogic", "NoteSystem.BusinessLogic\NoteSystem.BusinessLogic.csproj", "{1773B52A-4396-4747-841A-D4A4C83F2F3D}"
EndProject
Project("{FAE04EC0-301F-11D3-BF4B-00C04F79EFBC}") = "NoteSystem.DataAccess", "NoteSystem.DataAccess\NoteSystem.DataAccess.csproj", "{CA155116-5CBB-4DA1-8B07-DCD2C8BE3CC8}"
EndProject
Project("{FAE04EC0-301F-11D3-BF4B-00C04F79EFBC}") = "NoteSystem.Infrastructure", "NoteSystem.Infrastructure\NoteSystem.Infrastructure.csproj", "{62D9B586-7978-4E47-9785-61FC409E2B0C}"
EndProject
Project("{FAE04EC0-301F-11D3-BF4B-00C04F79EFBC}") = "NoteSystem.Core", "NoteSystem.Core\NoteSystem.Core.csproj", "{D6C4C802-CE64-4FA1-9440-A14DFB4B86CB}"
EndProject
Global
	GlobalSection(SolutionConfigurationPlatforms) = preSolution
		Debug|Any CPU = Debug|Any CPU
		Release|Any CPU = Release|Any CPU
	EndGlobalSection
	GlobalSection(ProjectConfigurationPlatforms) = postSolution
		{7CF712BC-8381-4438-A2F4-FD53095792EB}.Debug|Any CPU.ActiveCfg = Debug|Any CPU
		{7CF712BC-8381-4438-A2F4-FD53095792EB}.Debug|Any CPU.Build.0 = Debug|Any CPU
		{7CF712BC-8381-4438-A2F4-FD53095792EB}.Release|Any CPU.ActiveCfg = Release|Any CPU
		{7CF712BC-8381-4438-A2F4-FD53095792EB}.Release|Any CPU.Build.0 = Release|Any CPU
		{1773B52A-4396-4747-841A-D4A4C83F2F3D}.Debug|Any CPU.ActiveCfg = Debug|Any CPU
		{1773B52A-4396-4747-841A-D4A4C83F2F3D}.Debug|Any CPU.Build.0 = Debug|Any CPU
		{1773B52A-4396-4747-841A-D4A4C83F2F3D}.Release|Any CPU.ActiveCfg = Release|Any CPU
		{1773B52A-4396-4747-841A-D4A4C83F2F3D}.Release|Any CPU.Build.0 = Release|Any CPU
		{CA155116-5CBB-4DA1-8B07-DCD2C8BE3CC8}.Debug|Any CPU.ActiveCfg = Debug|Any CPU
		{CA155116-5CBB-4DA1-8B07-DCD2C8BE3CC8}.Debug|Any CPU.Build.0 = Debug|Any CPU
		{CA155116-5CBB-4DA1-8B07-DCD2C8BE3CC8}.Release|Any CPU.ActiveCfg = Release|Any CPU
		{CA155116-5CBB-4DA1-8B07-DCD2C8BE3CC8}.Release|Any CPU.Build.0 = Release|Any CPU
		{62D9B586-7978-4E47-9785-61FC409E2B0C}.Debug|Any CPU.ActiveCfg = Debug|Any CPU
		{62D9B586-7978-4E47-9785-61FC409E2B0C}.Debug|Any CPU.Build.0 = Debug|Any CPU
		{62D9B586-7978-4E47-9785-61FC409E2B0C}.Release|Any CPU.ActiveCfg = Release|Any CPU
		{62D9B586-7978-4E47-9785-61FC409E2B0C}.Release|Any CPU.Build.0 = Release|Any CPU
		{D6C4C802-CE64-4FA1-9440-A14DFB4B86CB}.Debug|Any CPU.ActiveCfg = Debug|Any CPU
		{D6C4C802-CE64-4FA1-9440-A14DFB4B86CB}.Debug|Any CPU.Build.0 = Debug|Any CPU
		{D6C4C802-CE64-4FA1-9440-A14DFB4B86CB}.Release|Any CPU.ActiveCfg = Release|Any CPU
		{D6C4C802-CE64-4FA1-9440-A14DFB4B86CB}.Release|Any CPU.Build.0 = Release|Any CPU
	EndGlobalSection
	GlobalSection(SolutionProperties) = preSolution
		HideSolutionNode = FALSE
	EndGlobalSection
	GlobalSection(ExtensibilityGlobals) = postSolution
		SolutionGuid = {DB9F04F5-8281-4E30-B07A-E4A914FF0FCA}
	EndGlobalSection
EndGlobal
